
Microsoft Visual Studio Solution File, Format Version 12.00
# Visual Studio Version 17
VisualStudioVersion = 17.9.34902.65
MinimumVisualStudioVersion = 10.0.40219.1
Project("{9A19103F-16F7-4668-BE54-9A1E7A4F7556}") = "demoApplication", "demoApplication\demoApplication.csproj", "{2565B4C9-15ED-4204-85CD-C05EFD42F5D1}"
EndProject
Project("{FAE04EC0-301F-11D3-BF4B-00C04F79EFBC}") = "MVCWebApplication", "MVCWebApplication\MVCWebApplication.csproj", "{AF1722C4-CEA7-4834-B592-469F986B674E}"
EndProject
Global
	GlobalSection(SolutionConfigurationPlatforms) = preSolution
		Debug|Any CPU = Debug|Any CPU
		Release|Any CPU = Release|Any CPU
	EndGlobalSection
	GlobalSection(ProjectConfigurationPlatforms) = postSolution
		{2565B4C9-15ED-4204-85CD-C05EFD42F5D1}.Debug|Any CPU.ActiveCfg = Debug|Any CPU
		{2565B4C9-15ED-4204-85CD-C05EFD42F5D1}.Debug|Any CPU.Build.0 = Debug|Any CPU
		{2565B4C9-15ED-4204-85CD-C05EFD42F5D1}.Release|Any CPU.ActiveCfg = Release|Any CPU
		{2565B4C9-15ED-4204-85CD-C05EFD42F5D1}.Release|Any CPU.Build.0 = Release|Any CPU
		{AF1722C4-CEA7-4834-B592-469F986B674E}.Debug|Any CPU.ActiveCfg = Debug|Any CPU
		{AF1722C4-CEA7-4834-B592-469F986B674E}.Debug|Any CPU.Build.0 = Debug|Any CPU
		{AF1722C4-CEA7-4834-B592-469F986B674E}.Release|Any CPU.ActiveCfg = Release|Any CPU
		{AF1722C4-CEA7-4834-B592-469F986B674E}.Release|Any CPU.Build.0 = Release|Any CPU
	EndGlobalSection
	GlobalSection(SolutionProperties) = preSolution
		HideSolutionNode = FALSE
	EndGlobalSection
	GlobalSection(ExtensibilityGlobals) = postSolution
		SolutionGuid = {21B30BA1-6390-48A8-9E3B-0C8CBA426380}
	EndGlobalSection
EndGlobal
